
Microsoft Visual Studio Solution File, Format Version 12.00
# Visual Studio Version 17
VisualStudioVersion = 17.3.32929.385
MinimumVisualStudioVersion = 10.0.40219.1
Project("{9A19103F-16F7-4668-BE54-9A1E7A4F7556}") = "CascadeFinTech.API", "src\CascadeFintech.API\CascadeFinTech.API.csproj", "{B21AC850-AFD8-449E-85E6-10457B8A5E7B}"
EndProject
Project("{9A19103F-16F7-4668-BE54-9A1E7A4F7556}") = "CascadeFinTech.Tests", "src\CascadeFinTech.Tests\CascadeFinTech.Tests.csproj", "{7673D7AC-158D-4493-BB53-224A9AE65789}"
EndProject
Project("{2150E333-8FDC-42A3-9474-1A3956D46DE8}") = "SQL", "SQL", "{F4995E3D-A9A6-4A6D-98BD-11156998D39F}"
	ProjectSection(SolutionItems) = preProject
		InitializeDatabase.sql = InitializeDatabase.sql
		SeedDatabase.sql = SeedDatabase.sql
	EndProjectSection
EndProject
Project("{9A19103F-16F7-4668-BE54-9A1E7A4F7556}") = "CascadeFinTech.Data", "src\CascadeFinTech.Data\CascadeFinTech.Data.csproj", "{4768825E-7C5F-43A0-B670-B26BD846B4FB}"
EndProject
Global
	GlobalSection(SolutionConfigurationPlatforms) = preSolution
		Debug|Any CPU = Debug|Any CPU
		Release|Any CPU = Release|Any CPU
	EndGlobalSection
	GlobalSection(ProjectConfigurationPlatforms) = postSolution
		{B21AC850-AFD8-449E-85E6-10457B8A5E7B}.Debug|Any CPU.ActiveCfg = Debug|Any CPU
		{B21AC850-AFD8-449E-85E6-10457B8A5E7B}.Debug|Any CPU.Build.0 = Debug|Any CPU
		{B21AC850-AFD8-449E-85E6-10457B8A5E7B}.Release|Any CPU.ActiveCfg = Release|Any CPU
		{B21AC850-AFD8-449E-85E6-10457B8A5E7B}.Release|Any CPU.Build.0 = Release|Any CPU
		{7673D7AC-158D-4493-BB53-224A9AE65789}.Debug|Any CPU.ActiveCfg = Debug|Any CPU
		{7673D7AC-158D-4493-BB53-224A9AE65789}.Debug|Any CPU.Build.0 = Debug|Any CPU
		{7673D7AC-158D-4493-BB53-224A9AE65789}.Release|Any CPU.ActiveCfg = Release|Any CPU
		{7673D7AC-158D-4493-BB53-224A9AE65789}.Release|Any CPU.Build.0 = Release|Any CPU
		{4768825E-7C5F-43A0-B670-B26BD846B4FB}.Debug|Any CPU.ActiveCfg = Debug|Any CPU
		{4768825E-7C5F-43A0-B670-B26BD846B4FB}.Debug|Any CPU.Build.0 = Debug|Any CPU
		{4768825E-7C5F-43A0-B670-B26BD846B4FB}.Release|Any CPU.ActiveCfg = Release|Any CPU
		{4768825E-7C5F-43A0-B670-B26BD846B4FB}.Release|Any CPU.Build.0 = Release|Any CPU
	EndGlobalSection
	GlobalSection(SolutionProperties) = preSolution
		HideSolutionNode = FALSE
	EndGlobalSection
	GlobalSection(ExtensibilityGlobals) = postSolution
		SolutionGuid = {548AE3A5-B99D-43D9-951F-918FD3AD5AB5}
	EndGlobalSection
EndGlobal
